{
  "name": "tsc-dynamic-type-issue",
  "version": "1.0.0",
  "lockfileVersion": 1,
  "requires": true,
  "dependencies": {
    "typescript": {
      "version": "3.6.0-dev.20190615",
      "resolved": "https://registry.npmjs.org/typescript/-/typescript-3.6.0-dev.20190615.tgz",
      "integrity": "sha512-DKxiKVjcd2Tw5LGCAjO9qw4xr4/bVUyeg0PRf/90xqlnVP+nP6xG17gd0Ujn5rkBd5BDDM6NnXD0GS3rPXmDFA=="
    }
  }
}
